
Microsoft Visual Studio Solution File, Format Version 12.00
# Visual Studio Version 17
VisualStudioVersion = 17.5.33627.172
MinimumVisualStudioVersion = 10.0.40219.1
Project("{2150E333-8FDC-42A3-9474-1A3956D46DE8}") = "docs", "docs", "{167FC92D-9903-4F44-B1DA-FE494B629F74}"
	ProjectSection(SolutionItems) = preProject
		docs\Readme.docx = docs\Readme.docx
	EndProjectSection
EndProject
Project("{2150E333-8FDC-42A3-9474-1A3956D46DE8}") = "LICENSE", "LICENSE", "{C41CD85B-EE80-48A3-836B-EAD3FF7E15B6}"
EndProject
Project("{2150E333-8FDC-42A3-9474-1A3956D46DE8}") = "src", "src", "{4911CB09-18B7-40F8-AD03-D6580C3DF883}"
EndProject
Project("{2150E333-8FDC-42A3-9474-1A3956D46DE8}") = "tests", "tests", "{39631413-628A-4F56-9FBE-9B6CAFBCF5CA}"
EndProject
Project("{2150E333-8FDC-42A3-9474-1A3956D46DE8}") = "Core", "Core", "{FD0C3019-CE8E-4D0D-BD7E-C5FDC2609134}"
EndProject
Project("{2150E333-8FDC-42A3-9474-1A3956D46DE8}") = "Framework", "Framework", "{2F9DC5CF-D847-497C-B249-04DFFA39B8CE}"
EndProject
Project("{2150E333-8FDC-42A3-9474-1A3956D46DE8}") = "Persistence", "Persistence", "{9CDFF7F4-7DDA-4E8F-B841-29CD708A1E7C}"
EndProject
Project("{2150E333-8FDC-42A3-9474-1A3956D46DE8}") = "Presentation", "Presentation", "{F09F44AF-66B1-42F5-B527-E2989B6B6538}"
EndProject
Project("{9A19103F-16F7-4668-BE54-9A1E7A4F7556}") = "Domain", "src\Core\Domain\Domain.csproj", "{BF6E7454-9079-477B-A735-FB5934995E40}"
EndProject
Project("{9A19103F-16F7-4668-BE54-9A1E7A4F7556}") = "Resources", "src\Core\Resources\Resources.csproj", "{941C6092-D157-468C-B8C4-92B23CE1D45C}"
EndProject
Project("{9A19103F-16F7-4668-BE54-9A1E7A4F7556}") = "Persistence", "src\Persistence\Persistence\Persistence.csproj", "{7561B2F0-9CF2-4B08-94DC-425692FE1121}"
EndProject
Project("{9A19103F-16F7-4668-BE54-9A1E7A4F7556}") = "OverTimePolicies", "src\Core\OvertimePolicies\OverTimePolicies.csproj", "{080AC6D7-A703-4379-9613-18E13324C8AE}"
EndProject
Project("{9A19103F-16F7-4668-BE54-9A1E7A4F7556}") = "OverTimePolicies.Tests", "tests\OverTimePolicies.Tests\OverTimePolicies.Tests.csproj", "{B658DAFE-FFD4-42C6-8512-CEADA685EA14}"
EndProject
Project("{9A19103F-16F7-4668-BE54-9A1E7A4F7556}") = "Domain.Tests", "tests\Domain.Tests\Domain.Tests.csproj", "{C7D970A5-8896-41E9-B97C-6EAB49C916D0}"
EndProject
Project("{9A19103F-16F7-4668-BE54-9A1E7A4F7556}") = "Api", "src\Presentation\Api\Api.csproj", "{885C08A5-C6AE-4991-879F-507F711DD87F}"
EndProject
Project("{FAE04EC0-301F-11D3-BF4B-00C04F79EFBC}") = "Dtos", "src\Core\Dtos\Dtos.csproj", "{BFFB2243-EE08-4615-B213-C66EDA3AA6DC}"
EndProject
Global
	GlobalSection(SolutionConfigurationPlatforms) = preSolution
		Debug|Any CPU = Debug|Any CPU
		Release|Any CPU = Release|Any CPU
	EndGlobalSection
	GlobalSection(ProjectConfigurationPlatforms) = postSolution
		{BF6E7454-9079-477B-A735-FB5934995E40}.Debug|Any CPU.ActiveCfg = Debug|Any CPU
		{BF6E7454-9079-477B-A735-FB5934995E40}.Debug|Any CPU.Build.0 = Debug|Any CPU
		{BF6E7454-9079-477B-A735-FB5934995E40}.Release|Any CPU.ActiveCfg = Release|Any CPU
		{BF6E7454-9079-477B-A735-FB5934995E40}.Release|Any CPU.Build.0 = Release|Any CPU
		{941C6092-D157-468C-B8C4-92B23CE1D45C}.Debug|Any CPU.ActiveCfg = Debug|Any CPU
		{941C6092-D157-468C-B8C4-92B23CE1D45C}.Debug|Any CPU.Build.0 = Debug|Any CPU
		{941C6092-D157-468C-B8C4-92B23CE1D45C}.Release|Any CPU.ActiveCfg = Release|Any CPU
		{941C6092-D157-468C-B8C4-92B23CE1D45C}.Release|Any CPU.Build.0 = Release|Any CPU
		{7561B2F0-9CF2-4B08-94DC-425692FE1121}.Debug|Any CPU.ActiveCfg = Debug|Any CPU
		{7561B2F0-9CF2-4B08-94DC-425692FE1121}.Debug|Any CPU.Build.0 = Debug|Any CPU
		{7561B2F0-9CF2-4B08-94DC-425692FE1121}.Release|Any CPU.ActiveCfg = Release|Any CPU
		{7561B2F0-9CF2-4B08-94DC-425692FE1121}.Release|Any CPU.Build.0 = Release|Any CPU
		{080AC6D7-A703-4379-9613-18E13324C8AE}.Debug|Any CPU.ActiveCfg = Debug|Any CPU
		{080AC6D7-A703-4379-9613-18E13324C8AE}.Debug|Any CPU.Build.0 = Debug|Any CPU
		{080AC6D7-A703-4379-9613-18E13324C8AE}.Release|Any CPU.ActiveCfg = Release|Any CPU
		{080AC6D7-A703-4379-9613-18E13324C8AE}.Release|Any CPU.Build.0 = Release|Any CPU
		{B658DAFE-FFD4-42C6-8512-CEADA685EA14}.Debug|Any CPU.ActiveCfg = Debug|Any CPU
		{B658DAFE-FFD4-42C6-8512-CEADA685EA14}.Debug|Any CPU.Build.0 = Debug|Any CPU
		{B658DAFE-FFD4-42C6-8512-CEADA685EA14}.Release|Any CPU.ActiveCfg = Release|Any CPU
		{B658DAFE-FFD4-42C6-8512-CEADA685EA14}.Release|Any CPU.Build.0 = Release|Any CPU
		{C7D970A5-8896-41E9-B97C-6EAB49C916D0}.Debug|Any CPU.ActiveCfg = Debug|Any CPU
		{C7D970A5-8896-41E9-B97C-6EAB49C916D0}.Debug|Any CPU.Build.0 = Debug|Any CPU
		{C7D970A5-8896-41E9-B97C-6EAB49C916D0}.Release|Any CPU.ActiveCfg = Release|Any CPU
		{C7D970A5-8896-41E9-B97C-6EAB49C916D0}.Release|Any CPU.Build.0 = Release|Any CPU
		{885C08A5-C6AE-4991-879F-507F711DD87F}.Debug|Any CPU.ActiveCfg = Debug|Any CPU
		{885C08A5-C6AE-4991-879F-507F711DD87F}.Debug|Any CPU.Build.0 = Debug|Any CPU
		{885C08A5-C6AE-4991-879F-507F711DD87F}.Release|Any CPU.ActiveCfg = Release|Any CPU
		{885C08A5-C6AE-4991-879F-507F711DD87F}.Release|Any CPU.Build.0 = Release|Any CPU
		{BFFB2243-EE08-4615-B213-C66EDA3AA6DC}.Debug|Any CPU.ActiveCfg = Debug|Any CPU
		{BFFB2243-EE08-4615-B213-C66EDA3AA6DC}.Debug|Any CPU.Build.0 = Debug|Any CPU
		{BFFB2243-EE08-4615-B213-C66EDA3AA6DC}.Release|Any CPU.ActiveCfg = Release|Any CPU
		{BFFB2243-EE08-4615-B213-C66EDA3AA6DC}.Release|Any CPU.Build.0 = Release|Any CPU
	EndGlobalSection
	GlobalSection(SolutionProperties) = preSolution
		HideSolutionNode = FALSE
	EndGlobalSection
	GlobalSection(NestedProjects) = preSolution
		{FD0C3019-CE8E-4D0D-BD7E-C5FDC2609134} = {4911CB09-18B7-40F8-AD03-D6580C3DF883}
		{2F9DC5CF-D847-497C-B249-04DFFA39B8CE} = {4911CB09-18B7-40F8-AD03-D6580C3DF883}
		{9CDFF7F4-7DDA-4E8F-B841-29CD708A1E7C} = {4911CB09-18B7-40F8-AD03-D6580C3DF883}
		{F09F44AF-66B1-42F5-B527-E2989B6B6538} = {4911CB09-18B7-40F8-AD03-D6580C3DF883}
		{BF6E7454-9079-477B-A735-FB5934995E40} = {FD0C3019-CE8E-4D0D-BD7E-C5FDC2609134}
		{941C6092-D157-468C-B8C4-92B23CE1D45C} = {FD0C3019-CE8E-4D0D-BD7E-C5FDC2609134}
		{7561B2F0-9CF2-4B08-94DC-425692FE1121} = {9CDFF7F4-7DDA-4E8F-B841-29CD708A1E7C}
		{080AC6D7-A703-4379-9613-18E13324C8AE} = {FD0C3019-CE8E-4D0D-BD7E-C5FDC2609134}
		{B658DAFE-FFD4-42C6-8512-CEADA685EA14} = {39631413-628A-4F56-9FBE-9B6CAFBCF5CA}
		{C7D970A5-8896-41E9-B97C-6EAB49C916D0} = {39631413-628A-4F56-9FBE-9B6CAFBCF5CA}
		{885C08A5-C6AE-4991-879F-507F711DD87F} = {F09F44AF-66B1-42F5-B527-E2989B6B6538}
		{BFFB2243-EE08-4615-B213-C66EDA3AA6DC} = {FD0C3019-CE8E-4D0D-BD7E-C5FDC2609134}
	EndGlobalSection
	GlobalSection(ExtensibilityGlobals) = postSolution
		SolutionGuid = {945BC668-D554-4AEC-B420-804207BC9409}
	EndGlobalSection
EndGlobal
